// !$*UTF8*$!
{
	archiveVersion = 1;
	classes = {
	};
	objectVersion = 50;
	objects = {

/* Begin PBXBuildFile section */
		273635D5222E77D600E3D751 /* NetworkingConstants.swift in Sources */ = {isa = PBXBuildFile; fileRef = 273635D4222E77D500E3D751 /* NetworkingConstants.swift */; };
		273635D7222E7F7100E3D751 /* LibraryBooksViewModel.swift in Sources */ = {isa = PBXBuildFile; fileRef = 273635D6222E7F7100E3D751 /* LibraryBooksViewModel.swift */; };
		273635D9222E81CF00E3D751 /* LibraryBooksViewModelTests.swift in Sources */ = {isa = PBXBuildFile; fileRef = 273635D8222E81CF00E3D751 /* LibraryBooksViewModelTests.swift */; };
		273635DB222E825300E3D751 /* APIServiceTests.swift in Sources */ = {isa = PBXBuildFile; fileRef = 273635DA222E825300E3D751 /* APIServiceTests.swift */; };
		273635DD222E828500E3D751 /* APIService.swift in Sources */ = {isa = PBXBuildFile; fileRef = 273635DC222E828500E3D751 /* APIService.swift */; };
		273635ED222EA9A100E3D751 /* CollectionViewBookItem.swift in Sources */ = {isa = PBXBuildFile; fileRef = 273635EB222EA9A100E3D751 /* CollectionViewBookItem.swift */; };
		273635EE222EA9A100E3D751 /* CollectionViewBookItem.xib in Resources */ = {isa = PBXBuildFile; fileRef = 273635EC222EA9A100E3D751 /* CollectionViewBookItem.xib */; };
		273635F0222EB15800E3D751 /* Author.swift in Sources */ = {isa = PBXBuildFile; fileRef = 273635EF222EB15800E3D751 /* Author.swift */; };
		27A934CC222D5E2C00F8327D /* APIConnexion.swift in Sources */ = {isa = PBXBuildFile; fileRef = 27A934CB222D5E2C00F8327D /* APIConnexion.swift */; };
		27DE6409222D42E600200462 /* AppDelegate.swift in Sources */ = {isa = PBXBuildFile; fileRef = 27DE6408222D42E600200462 /* AppDelegate.swift */; };
		27DE640D222D42E700200462 /* Assets.xcassets in Resources */ = {isa = PBXBuildFile; fileRef = 27DE640C222D42E700200462 /* Assets.xcassets */; };
		27DE6410222D42E700200462 /* Main.storyboard in Resources */ = {isa = PBXBuildFile; fileRef = 27DE640E222D42E700200462 /* Main.storyboard */; };
		27DE642C222D449600200462 /* Book.swift in Sources */ = {isa = PBXBuildFile; fileRef = 27DE642B222D449600200462 /* Book.swift */; };
		27DE6430222D456500200462 /* LibraryBooksController.swift in Sources */ = {isa = PBXBuildFile; fileRef = 27DE642F222D456500200462 /* LibraryBooksController.swift */; };
		6655BA1FC27BF1E5C9BF1D59 /* Pods_BigriverBookstore_appleTests.framework in Frameworks */ = {isa = PBXBuildFile; fileRef = 509CC73F1472600DA0F4ABC5 /* Pods_BigriverBookstore_appleTests.framework */; };
		A5234C21ED76FBA59296E0CA /* Pods_BigriverBookstore_apple.framework in Frameworks */ = {isa = PBXBuildFile; fileRef = 7DEB6E4034256770B687EF21 /* Pods_BigriverBookstore_apple.framework */; };
/* End PBXBuildFile section */

/* Begin PBXContainerItemProxy section */
		27DE6418222D42E700200462 /* PBXContainerItemProxy */ = {
			isa = PBXContainerItemProxy;
			containerPortal = 27DE63FD222D42E600200462 /* Project object */;
			proxyType = 1;
			remoteGlobalIDString = 27DE6404222D42E600200462;
			remoteInfo = "BigriverBookstore-apple";
		};
/* End PBXContainerItemProxy section */

/* Begin PBXFileReference section */
		14281BB33C308A368327910C /* Pods-BigriverBookstore-appleTests.debug.xcconfig */ = {isa = PBXFileReference; includeInIndex = 1; lastKnownFileType = text.xcconfig; name = "Pods-BigriverBookstore-appleTests.debug.xcconfig"; path = "Target Support Files/Pods-BigriverBookstore-appleTests/Pods-BigriverBookstore-appleTests.debug.xcconfig"; sourceTree = "<group>"; };
		273635D4222E77D500E3D751 /* NetworkingConstants.swift */ = {isa = PBXFileReference; lastKnownFileType = sourcecode.swift; path = NetworkingConstants.swift; sourceTree = "<group>"; };
		273635D6222E7F7100E3D751 /* LibraryBooksViewModel.swift */ = {isa = PBXFileReference; lastKnownFileType = sourcecode.swift; path = LibraryBooksViewModel.swift; sourceTree = "<group>"; };
		273635D8222E81CF00E3D751 /* LibraryBooksViewModelTests.swift */ = {isa = PBXFileReference; lastKnownFileType = sourcecode.swift; path = LibraryBooksViewModelTests.swift; sourceTree = "<group>"; };
		273635DA222E825300E3D751 /* APIServiceTests.swift */ = {isa = PBXFileReference; lastKnownFileType = sourcecode.swift; path = APIServiceTests.swift; sourceTree = "<group>"; };
		273635DC222E828500E3D751 /* APIService.swift */ = {isa = PBXFileReference; lastKnownFileType = sourcecode.swift; path = APIService.swift; sourceTree = "<group>"; };
		273635EB222EA9A100E3D751 /* CollectionViewBookItem.swift */ = {isa = PBXFileReference; lastKnownFileType = sourcecode.swift; path = CollectionViewBookItem.swift; sourceTree = "<group>"; };
		273635EC222EA9A100E3D751 /* CollectionViewBookItem.xib */ = {isa = PBXFileReference; lastKnownFileType = file.xib; path = CollectionViewBookItem.xib; sourceTree = "<group>"; };
		273635EF222EB15800E3D751 /* Author.swift */ = {isa = PBXFileReference; lastKnownFileType = sourcecode.swift; path = Author.swift; sourceTree = "<group>"; };
		27A934CB222D5E2C00F8327D /* APIConnexion.swift */ = {isa = PBXFileReference; lastKnownFileType = sourcecode.swift; path = APIConnexion.swift; sourceTree = "<group>"; };
		27DE6405222D42E600200462 /* BigriverBookstore-apple.app */ = {isa = PBXFileReference; explicitFileType = wrapper.application; includeInIndex = 0; path = "BigriverBookstore-apple.app"; sourceTree = BUILT_PRODUCTS_DIR; };
		27DE6408222D42E600200462 /* AppDelegate.swift */ = {isa = PBXFileReference; lastKnownFileType = sourcecode.swift; path = AppDelegate.swift; sourceTree = "<group>"; };
		27DE640C222D42E700200462 /* Assets.xcassets */ = {isa = PBXFileReference; lastKnownFileType = folder.assetcatalog; path = Assets.xcassets; sourceTree = "<group>"; };
		27DE640F222D42E700200462 /* Base */ = {isa = PBXFileReference; lastKnownFileType = file.storyboard; name = Base; path = Base.lproj/Main.storyboard; sourceTree = "<group>"; };
		27DE6411222D42E700200462 /* Info.plist */ = {isa = PBXFileReference; lastKnownFileType = text.plist.xml; path = Info.plist; sourceTree = "<group>"; };
		27DE6412222D42E700200462 /* BigriverBookstore_apple.entitlements */ = {isa = PBXFileReference; lastKnownFileType = text.plist.entitlements; path = BigriverBookstore_apple.entitlements; sourceTree = "<group>"; };
		27DE6417222D42E700200462 /* BigriverBookstore-appleTests.xctest */ = {isa = PBXFileReference; explicitFileType = wrapper.cfbundle; includeInIndex = 0; path = "BigriverBookstore-appleTests.xctest"; sourceTree = BUILT_PRODUCTS_DIR; };
		27DE641D222D42E700200462 /* Info.plist */ = {isa = PBXFileReference; lastKnownFileType = text.plist.xml; path = Info.plist; sourceTree = "<group>"; };
		27DE642B222D449600200462 /* Book.swift */ = {isa = PBXFileReference; lastKnownFileType = sourcecode.swift; path = Book.swift; sourceTree = "<group>"; };
		27DE642F222D456500200462 /* LibraryBooksController.swift */ = {isa = PBXFileReference; lastKnownFileType = sourcecode.swift; path = LibraryBooksController.swift; sourceTree = "<group>"; };
		509CC73F1472600DA0F4ABC5 /* Pods_BigriverBookstore_appleTests.framework */ = {isa = PBXFileReference; explicitFileType = wrapper.framework; includeInIndex = 0; path = Pods_BigriverBookstore_appleTests.framework; sourceTree = BUILT_PRODUCTS_DIR; };
		7DEB6E4034256770B687EF21 /* Pods_BigriverBookstore_apple.framework */ = {isa = PBXFileReference; explicitFileType = wrapper.framework; includeInIndex = 0; path = Pods_BigriverBookstore_apple.framework; sourceTree = BUILT_PRODUCTS_DIR; };
		A837BE653D2B38302B6A5252 /* Pods-BigriverBookstore-apple.release.xcconfig */ = {isa = PBXFileReference; includeInIndex = 1; lastKnownFileType = text.xcconfig; name = "Pods-BigriverBookstore-apple.release.xcconfig"; path = "Target Support Files/Pods-BigriverBookstore-apple/Pods-BigriverBookstore-apple.release.xcconfig"; sourceTree = "<group>"; };
		B45692865CD06373FDBE5A17 /* Pods-BigriverBookstore-apple.debug.xcconfig */ = {isa = PBXFileReference; includeInIndex = 1; lastKnownFileType = text.xcconfig; name = "Pods-BigriverBookstore-apple.debug.xcconfig"; path = "Target Support Files/Pods-BigriverBookstore-apple/Pods-BigriverBookstore-apple.debug.xcconfig"; sourceTree = "<group>"; };
		B59E94A841D89A5D59F6F1E7 /* Pods-BigriverBookstore-appleTests.release.xcconfig */ = {isa = PBXFileReference; includeInIndex = 1; lastKnownFileType = text.xcconfig; name = "Pods-BigriverBookstore-appleTests.release.xcconfig"; path = "Target Support Files/Pods-BigriverBookstore-appleTests/Pods-BigriverBookstore-appleTests.release.xcconfig"; sourceTree = "<group>"; };
/* End PBXFileReference section */

/* Begin PBXFrameworksBuildPhase section */
		27DE6402222D42E600200462 /* Frameworks */ = {
			isa = PBXFrameworksBuildPhase;
			buildActionMask = 2147483647;
			files = (
				A5234C21ED76FBA59296E0CA /* Pods_BigriverBookstore_apple.framework in Frameworks */,
			);
			runOnlyForDeploymentPostprocessing = 0;
		};
		27DE6414222D42E700200462 /* Frameworks */ = {
			isa = PBXFrameworksBuildPhase;
			buildActionMask = 2147483647;
			files = (
				6655BA1FC27BF1E5C9BF1D59 /* Pods_BigriverBookstore_appleTests.framework in Frameworks */,
			);
			runOnlyForDeploymentPostprocessing = 0;
		};
/* End PBXFrameworksBuildPhase section */

/* Begin PBXGroup section */
		273635DE222E89A500E3D751 /* Sources */ = {
			isa = PBXGroup;
			children = (
				27DE6429222D444B00200462 /* Controller */,
				273635E5222EA81900E3D751 /* View */,
				27DE6427222D442F00200462 /* Model */,
				273635DF222E8A5A00E3D751 /* Networking */,
			);
			path = Sources;
			sourceTree = "<group>";
		};
		273635DF222E8A5A00E3D751 /* Networking */ = {
			isa = PBXGroup;
			children = (
				27A934CB222D5E2C00F8327D /* APIConnexion.swift */,
				273635D4222E77D500E3D751 /* NetworkingConstants.swift */,
				273635DC222E828500E3D751 /* APIService.swift */,
			);
			path = Networking;
			sourceTree = "<group>";
		};
		273635E5222EA81900E3D751 /* View */ = {
			isa = PBXGroup;
			children = (
				273635E6222EA82400E3D751 /* BookItem */,
			);
			name = View;
			path = "New Group";
			sourceTree = "<group>";
		};
		273635E6222EA82400E3D751 /* BookItem */ = {
			isa = PBXGroup;
			children = (
				273635EB222EA9A100E3D751 /* CollectionViewBookItem.swift */,
				273635EC222EA9A100E3D751 /* CollectionViewBookItem.xib */,
			);
			path = BookItem;
			sourceTree = "<group>";
		};
		27DE63FC222D42E600200462 = {
			isa = PBXGroup;
			children = (
				27DE6407222D42E600200462 /* BigriverBookstore-apple */,
				27DE641A222D42E700200462 /* BigriverBookstore-appleTests */,
				27DE6406222D42E600200462 /* Products */,
				837190B81C6751515B48F936 /* Pods */,
				2D37C5CD410DF24267724965 /* Frameworks */,
			);
			sourceTree = "<group>";
		};
		27DE6406222D42E600200462 /* Products */ = {
			isa = PBXGroup;
			children = (
				27DE6405222D42E600200462 /* BigriverBookstore-apple.app */,
				27DE6417222D42E700200462 /* BigriverBookstore-appleTests.xctest */,
			);
			name = Products;
			sourceTree = "<group>";
		};
		27DE6407222D42E600200462 /* BigriverBookstore-apple */ = {
			isa = PBXGroup;
			children = (
				27DE640E222D42E700200462 /* Main.storyboard */,
				27DE6408222D42E600200462 /* AppDelegate.swift */,
				273635DE222E89A500E3D751 /* Sources */,
				27DE6426222D438C00200462 /* Resourses and Assets */,
				27DE6412222D42E700200462 /* BigriverBookstore_apple.entitlements */,
				27DE6411222D42E700200462 /* Info.plist */,
			);
			path = "BigriverBookstore-apple";
			sourceTree = "<group>";
		};
		27DE641A222D42E700200462 /* BigriverBookstore-appleTests */ = {
			isa = PBXGroup;
			children = (
				273635D8222E81CF00E3D751 /* LibraryBooksViewModelTests.swift */,
				273635DA222E825300E3D751 /* APIServiceTests.swift */,
				27DE641D222D42E700200462 /* Info.plist */,
			);
			path = "BigriverBookstore-appleTests";
			sourceTree = "<group>";
		};
		27DE6426222D438C00200462 /* Resourses and Assets */ = {
			isa = PBXGroup;
			children = (
				27DE640C222D42E700200462 /* Assets.xcassets */,
			);
			path = "Resourses and Assets";
			sourceTree = "<group>";
		};
		27DE6427222D442F00200462 /* Model */ = {
			isa = PBXGroup;
			children = (
				27DE642B222D449600200462 /* Book.swift */,
				273635EF222EB15800E3D751 /* Author.swift */,
			);
			path = Model;
			sourceTree = "<group>";
		};
		27DE6429222D444B00200462 /* Controller */ = {
			isa = PBXGroup;
			children = (
				27DE642F222D456500200462 /* LibraryBooksController.swift */,
				273635D6222E7F7100E3D751 /* LibraryBooksViewModel.swift */,
			);
			path = Controller;
			sourceTree = "<group>";
		};
		2D37C5CD410DF24267724965 /* Frameworks */ = {
			isa = PBXGroup;
			children = (
				7DEB6E4034256770B687EF21 /* Pods_BigriverBookstore_apple.framework */,
				509CC73F1472600DA0F4ABC5 /* Pods_BigriverBookstore_appleTests.framework */,
			);
			name = Frameworks;
			sourceTree = "<group>";
		};
		837190B81C6751515B48F936 /* Pods */ = {
			isa = PBXGroup;
			children = (
				B45692865CD06373FDBE5A17 /* Pods-BigriverBookstore-apple.debug.xcconfig */,
				A837BE653D2B38302B6A5252 /* Pods-BigriverBookstore-apple.release.xcconfig */,
				14281BB33C308A368327910C /* Pods-BigriverBookstore-appleTests.debug.xcconfig */,
				B59E94A841D89A5D59F6F1E7 /* Pods-BigriverBookstore-appleTests.release.xcconfig */,
			);
			path = Pods;
			sourceTree = "<group>";
		};
/* End PBXGroup section */

/* Begin PBXNativeTarget section */
		27DE6404222D42E600200462 /* BigriverBookstore-apple */ = {
			isa = PBXNativeTarget;
			buildConfigurationList = 27DE6420222D42E700200462 /* Build configuration list for PBXNativeTarget "BigriverBookstore-apple" */;
			buildPhases = (
				19E9A1F2BC34BB7082A2D1A6 /* [CP] Check Pods Manifest.lock */,
				27DE6401222D42E600200462 /* Sources */,
				27DE6402222D42E600200462 /* Frameworks */,
				27DE6403222D42E600200462 /* Resources */,
				A572272FF4F4A0DEEABD22DE /* [CP] Embed Pods Frameworks */,
			);
			buildRules = (
			);
			dependencies = (
			);
			name = "BigriverBookstore-apple";
			productName = "BigriverBookstore-apple";
			productReference = 27DE6405222D42E600200462 /* BigriverBookstore-apple.app */;
			productType = "com.apple.product-type.application";
		};
		27DE6416222D42E700200462 /* BigriverBookstore-appleTests */ = {
			isa = PBXNativeTarget;
			buildConfigurationList = 27DE6423222D42E700200462 /* Build configuration list for PBXNativeTarget "BigriverBookstore-appleTests" */;
			buildPhases = (
				AF674EDECCFB373808EFE949 /* [CP] Check Pods Manifest.lock */,
				27DE6413222D42E700200462 /* Sources */,
				27DE6414222D42E700200462 /* Frameworks */,
				27DE6415222D42E700200462 /* Resources */,
			);
			buildRules = (
			);
			dependencies = (
				27DE6419222D42E700200462 /* PBXTargetDependency */,
			);
			name = "BigriverBookstore-appleTests";
			productName = "BigriverBookstore-appleTests";
			productReference = 27DE6417222D42E700200462 /* BigriverBookstore-appleTests.xctest */;
			productType = "com.apple.product-type.bundle.unit-test";
		};
/* End PBXNativeTarget section */

/* Begin PBXProject section */
		27DE63FD222D42E600200462 /* Project object */ = {
			isa = PBXProject;
			attributes = {
				LastSwiftUpdateCheck = 1010;
				LastUpgradeCheck = 1010;
				ORGANIZATIONNAME = AgileFreaks;
				TargetAttributes = {
					27DE6404222D42E600200462 = {
						CreatedOnToolsVersion = 10.1;
					};
					27DE6416222D42E700200462 = {
						CreatedOnToolsVersion = 10.1;
						TestTargetID = 27DE6404222D42E600200462;
					};
				};
			};
			buildConfigurationList = 27DE6400222D42E600200462 /* Build configuration list for PBXProject "BigriverBookstore-apple" */;
			compatibilityVersion = "Xcode 9.3";
			developmentRegion = en;
			hasScannedForEncodings = 0;
			knownRegions = (
				en,
				Base,
			);
			mainGroup = 27DE63FC222D42E600200462;
			productRefGroup = 27DE6406222D42E600200462 /* Products */;
			projectDirPath = "";
			projectRoot = "";
			targets = (
				27DE6404222D42E600200462 /* BigriverBookstore-apple */,
				27DE6416222D42E700200462 /* BigriverBookstore-appleTests */,
			);
		};
/* End PBXProject section */

/* Begin PBXResourcesBuildPhase section */
		27DE6403222D42E600200462 /* Resources */ = {
			isa = PBXResourcesBuildPhase;
			buildActionMask = 2147483647;
			files = (
				273635EE222EA9A100E3D751 /* CollectionViewBookItem.xib in Resources */,
				27DE640D222D42E700200462 /* Assets.xcassets in Resources */,
				27DE6410222D42E700200462 /* Main.storyboard in Resources */,
			);
			runOnlyForDeploymentPostprocessing = 0;
		};
		27DE6415222D42E700200462 /* Resources */ = {
			isa = PBXResourcesBuildPhase;
			buildActionMask = 2147483647;
			files = (
			);
			runOnlyForDeploymentPostprocessing = 0;
		};
/* End PBXResourcesBuildPhase section */

/* Begin PBXShellScriptBuildPhase section */
		19E9A1F2BC34BB7082A2D1A6 /* [CP] Check Pods Manifest.lock */ = {
			isa = PBXShellScriptBuildPhase;
			buildActionMask = 2147483647;
			files = (
			);
			inputFileListPaths = (
			);
			inputPaths = (
				"${PODS_PODFILE_DIR_PATH}/Podfile.lock",
				"${PODS_ROOT}/Manifest.lock",
			);
			name = "[CP] Check Pods Manifest.lock";
			outputFileListPaths = (
			);
			outputPaths = (
				"$(DERIVED_FILE_DIR)/Pods-BigriverBookstore-apple-checkManifestLockResult.txt",
			);
			runOnlyForDeploymentPostprocessing = 0;
			shellPath = /bin/sh;
			shellScript = "diff \"${PODS_PODFILE_DIR_PATH}/Podfile.lock\" \"${PODS_ROOT}/Manifest.lock\" > /dev/null\nif [ $? != 0 ] ; then\n    # print error to STDERR\n    echo \"error: The sandbox is not in sync with the Podfile.lock. Run 'pod install' or update your CocoaPods installation.\" >&2\n    exit 1\nfi\n# This output is used by Xcode 'outputs' to avoid re-running this script phase.\necho \"SUCCESS\" > \"${SCRIPT_OUTPUT_FILE_0}\"\n";
			showEnvVarsInLog = 0;
		};
		A572272FF4F4A0DEEABD22DE /* [CP] Embed Pods Frameworks */ = {
			isa = PBXShellScriptBuildPhase;
			buildActionMask = 2147483647;
			files = (
			);
			inputFileListPaths = (
			);
			inputPaths = (
				"${PODS_ROOT}/Target Support Files/Pods-BigriverBookstore-apple/Pods-BigriverBookstore-apple-frameworks.sh",
				"${BUILT_PRODUCTS_DIR}/BrightFutures/BrightFutures.framework",
				"${BUILT_PRODUCTS_DIR}/Result/Result.framework",
				"${BUILT_PRODUCTS_DIR}/Spine/Spine.framework",
				"${BUILT_PRODUCTS_DIR}/SwiftyJSON/SwiftyJSON.framework",
			);
			name = "[CP] Embed Pods Frameworks";
			outputFileListPaths = (
			);
			outputPaths = (
				"${TARGET_BUILD_DIR}/${FRAMEWORKS_FOLDER_PATH}/BrightFutures.framework",
				"${TARGET_BUILD_DIR}/${FRAMEWORKS_FOLDER_PATH}/Result.framework",
				"${TARGET_BUILD_DIR}/${FRAMEWORKS_FOLDER_PATH}/Spine.framework",
				"${TARGET_BUILD_DIR}/${FRAMEWORKS_FOLDER_PATH}/SwiftyJSON.framework",
			);
			runOnlyForDeploymentPostprocessing = 0;
			shellPath = /bin/sh;
			shellScript = "\"${PODS_ROOT}/Target Support Files/Pods-BigriverBookstore-apple/Pods-BigriverBookstore-apple-frameworks.sh\"\n";
			showEnvVarsInLog = 0;
		};
		AF674EDECCFB373808EFE949 /* [CP] Check Pods Manifest.lock */ = {
			isa = PBXShellScriptBuildPhase;
			buildActionMask = 2147483647;
			files = (
			);
			inputFileListPaths = (
			);
			inputPaths = (
				"${PODS_PODFILE_DIR_PATH}/Podfile.lock",
				"${PODS_ROOT}/Manifest.lock",
			);
			name = "[CP] Check Pods Manifest.lock";
			outputFileListPaths = (
			);
			outputPaths = (
				"$(DERIVED_FILE_DIR)/Pods-BigriverBookstore-appleTests-checkManifestLockResult.txt",
			);
			runOnlyForDeploymentPostprocessing = 0;
			shellPath = /bin/sh;
			shellScript = "diff \"${PODS_PODFILE_DIR_PATH}/Podfile.lock\" \"${PODS_ROOT}/Manifest.lock\" > /dev/null\nif [ $? != 0 ] ; then\n    # print error to STDERR\n    echo \"error: The sandbox is not in sync with the Podfile.lock. Run 'pod install' or update your CocoaPods installation.\" >&2\n    exit 1\nfi\n# This output is used by Xcode 'outputs' to avoid re-running this script phase.\necho \"SUCCESS\" > \"${SCRIPT_OUTPUT_FILE_0}\"\n";
			showEnvVarsInLog = 0;
		};
/* End PBXShellScriptBuildPhase section */

/* Begin PBXSourcesBuildPhase section */
		27DE6401222D42E600200462 /* Sources */ = {
			isa = PBXSourcesBuildPhase;
			buildActionMask = 2147483647;
			files = (
				27A934CC222D5E2C00F8327D /* APIConnexion.swift in Sources */,
				273635DD222E828500E3D751 /* APIService.swift in Sources */,
				273635D5222E77D600E3D751 /* NetworkingConstants.swift in Sources */,
				273635F0222EB15800E3D751 /* Author.swift in Sources */,
				273635ED222EA9A100E3D751 /* CollectionViewBookItem.swift in Sources */,
				27DE642C222D449600200462 /* Book.swift in Sources */,
				273635D7222E7F7100E3D751 /* LibraryBooksViewModel.swift in Sources */,
				27DE6430222D456500200462 /* LibraryBooksController.swift in Sources */,
				27DE6409222D42E600200462 /* AppDelegate.swift in Sources */,
			);
			runOnlyForDeploymentPostprocessing = 0;
		};
		27DE6413222D42E700200462 /* Sources */ = {
			isa = PBXSourcesBuildPhase;
			buildActionMask = 2147483647;
			files = (
				273635D9222E81CF00E3D751 /* LibraryBooksViewModelTests.swift in Sources */,
				273635DB222E825300E3D751 /* APIServiceTests.swift in Sources */,
			);
			runOnlyForDeploymentPostprocessing = 0;
		};
/* End PBXSourcesBuildPhase section */

/* Begin PBXTargetDependency section */
		27DE6419222D42E700200462 /* PBXTargetDependency */ = {
			isa = PBXTargetDependency;
			target = 27DE6404222D42E600200462 /* BigriverBookstore-apple */;
			targetProxy = 27DE6418222D42E700200462 /* PBXContainerItemProxy */;
		};
/* End PBXTargetDependency section */

/* Begin PBXVariantGroup section */
		27DE640E222D42E700200462 /* Main.storyboard */ = {
			isa = PBXVariantGroup;
			children = (
				27DE640F222D42E700200462 /* Base */,
			);
			name = Main.storyboard;
			sourceTree = "<group>";
		};
/* End PBXVariantGroup section */

/* Begin XCBuildConfiguration section */
		27DE641E222D42E700200462 /* Debug */ = {
			isa = XCBuildConfiguration;
			buildSettings = {
				ALWAYS_SEARCH_USER_PATHS = NO;
				CLANG_ANALYZER_NONNULL = YES;
				CLANG_ANALYZER_NUMBER_OBJECT_CONVERSION = YES_AGGRESSIVE;
				CLANG_CXX_LANGUAGE_STANDARD = "gnu++14";
				CLANG_CXX_LIBRARY = "libc++";
				CLANG_ENABLE_MODULES = YES;
				CLANG_ENABLE_OBJC_ARC = YES;
				CLANG_ENABLE_OBJC_WEAK = YES;
				CLANG_WARN_BLOCK_CAPTURE_AUTORELEASING = YES;
				CLANG_WARN_BOOL_CONVERSION = YES;
				CLANG_WARN_COMMA = YES;
				CLANG_WARN_CONSTANT_CONVERSION = YES;
				CLANG_WARN_DEPRECATED_OBJC_IMPLEMENTATIONS = YES;
				CLANG_WARN_DIRECT_OBJC_ISA_USAGE = YES_ERROR;
				CLANG_WARN_DOCUMENTATION_COMMENTS = YES;
				CLANG_WARN_EMPTY_BODY = YES;
				CLANG_WARN_ENUM_CONVERSION = YES;
				CLANG_WARN_INFINITE_RECURSION = YES;
				CLANG_WARN_INT_CONVERSION = YES;
				CLANG_WARN_NON_LITERAL_NULL_CONVERSION = YES;
				CLANG_WARN_OBJC_IMPLICIT_RETAIN_SELF = YES;
				CLANG_WARN_OBJC_LITERAL_CONVERSION = YES;
				CLANG_WARN_OBJC_ROOT_CLASS = YES_ERROR;
				CLANG_WARN_RANGE_LOOP_ANALYSIS = YES;
				CLANG_WARN_STRICT_PROTOTYPES = YES;
				CLANG_WARN_SUSPICIOUS_MOVE = YES;
				CLANG_WARN_UNGUARDED_AVAILABILITY = YES_AGGRESSIVE;
				CLANG_WARN_UNREACHABLE_CODE = YES;
				CLANG_WARN__DUPLICATE_METHOD_MATCH = YES;
				CODE_SIGN_IDENTITY = "-";
				COPY_PHASE_STRIP = NO;
				DEBUG_INFORMATION_FORMAT = dwarf;
				ENABLE_STRICT_OBJC_MSGSEND = YES;
				ENABLE_TESTABILITY = YES;
				GCC_C_LANGUAGE_STANDARD = gnu11;
				GCC_DYNAMIC_NO_PIC = NO;
				GCC_NO_COMMON_BLOCKS = YES;
				GCC_OPTIMIZATION_LEVEL = 0;
				GCC_PREPROCESSOR_DEFINITIONS = (
					"DEBUG=1",
					"$(inherited)",
				);
				GCC_WARN_64_TO_32_BIT_CONVERSION = YES;
				GCC_WARN_ABOUT_RETURN_TYPE = YES_ERROR;
				GCC_WARN_UNDECLARED_SELECTOR = YES;
				GCC_WARN_UNINITIALIZED_AUTOS = YES_AGGRESSIVE;
				GCC_WARN_UNUSED_FUNCTION = YES;
				GCC_WARN_UNUSED_VARIABLE = YES;
				MACOSX_DEPLOYMENT_TARGET = 10.14;
				MTL_ENABLE_DEBUG_INFO = INCLUDE_SOURCE;
				MTL_FAST_MATH = YES;
				ONLY_ACTIVE_ARCH = YES;
				SDKROOT = macosx;
				SWIFT_ACTIVE_COMPILATION_CONDITIONS = DEBUG;
				SWIFT_OPTIMIZATION_LEVEL = "-Onone";
			};
			name = Debug;
		};
		27DE641F222D42E700200462 /* Release */ = {
			isa = XCBuildConfiguration;
			buildSettings = {
				ALWAYS_SEARCH_USER_PATHS = NO;
				CLANG_ANALYZER_NONNULL = YES;
				CLANG_ANALYZER_NUMBER_OBJECT_CONVERSION = YES_AGGRESSIVE;
				CLANG_CXX_LANGUAGE_STANDARD = "gnu++14";
				CLANG_CXX_LIBRARY = "libc++";
				CLANG_ENABLE_MODULES = YES;
				CLANG_ENABLE_OBJC_ARC = YES;
				CLANG_ENABLE_OBJC_WEAK = YES;
				CLANG_WARN_BLOCK_CAPTURE_AUTORELEASING = YES;
				CLANG_WARN_BOOL_CONVERSION = YES;
				CLANG_WARN_COMMA = YES;
				CLANG_WARN_CONSTANT_CONVERSION = YES;
				CLANG_WARN_DEPRECATED_OBJC_IMPLEMENTATIONS = YES;
				CLANG_WARN_DIRECT_OBJC_ISA_USAGE = YES_ERROR;
				CLANG_WARN_DOCUMENTATION_COMMENTS = YES;
				CLANG_WARN_EMPTY_BODY = YES;
				CLANG_WARN_ENUM_CONVERSION = YES;
				CLANG_WARN_INFINITE_RECURSION = YES;
				CLANG_WARN_INT_CONVERSION = YES;
				CLANG_WARN_NON_LITERAL_NULL_CONVERSION = YES;
				CLANG_WARN_OBJC_IMPLICIT_RETAIN_SELF = YES;
				CLANG_WARN_OBJC_LITERAL_CONVERSION = YES;
				CLANG_WARN_OBJC_ROOT_CLASS = YES_ERROR;
				CLANG_WARN_RANGE_LOOP_ANALYSIS = YES;
				CLANG_WARN_STRICT_PROTOTYPES = YES;
				CLANG_WARN_SUSPICIOUS_MOVE = YES;
				CLANG_WARN_UNGUARDED_AVAILABILITY = YES_AGGRESSIVE;
				CLANG_WARN_UNREACHABLE_CODE = YES;
				CLANG_WARN__DUPLICATE_METHOD_MATCH = YES;
				CODE_SIGN_IDENTITY = "-";
				COPY_PHASE_STRIP = NO;
				DEBUG_INFORMATION_FORMAT = "dwarf-with-dsym";
				ENABLE_NS_ASSERTIONS = NO;
				ENABLE_STRICT_OBJC_MSGSEND = YES;
				GCC_C_LANGUAGE_STANDARD = gnu11;
				GCC_NO_COMMON_BLOCKS = YES;
				GCC_WARN_64_TO_32_BIT_CONVERSION = YES;
				GCC_WARN_ABOUT_RETURN_TYPE = YES_ERROR;
				GCC_WARN_UNDECLARED_SELECTOR = YES;
				GCC_WARN_UNINITIALIZED_AUTOS = YES_AGGRESSIVE;
				GCC_WARN_UNUSED_FUNCTION = YES;
				GCC_WARN_UNUSED_VARIABLE = YES;
				MACOSX_DEPLOYMENT_TARGET = 10.14;
				MTL_ENABLE_DEBUG_INFO = NO;
				MTL_FAST_MATH = YES;
				SDKROOT = macosx;
				SWIFT_COMPILATION_MODE = wholemodule;
				SWIFT_OPTIMIZATION_LEVEL = "-O";
			};
			name = Release;
		};
		27DE6421222D42E700200462 /* Debug */ = {
			isa = XCBuildConfiguration;
			baseConfigurationReference = B45692865CD06373FDBE5A17 /* Pods-BigriverBookstore-apple.debug.xcconfig */;
			buildSettings = {
				ASSETCATALOG_COMPILER_APPICON_NAME = AppIcon;
				CODE_SIGN_ENTITLEMENTS = "BigriverBookstore-apple/BigriverBookstore_apple.entitlements";
				CODE_SIGN_STYLE = Automatic;
				COMBINE_HIDPI_IMAGES = YES;
				INFOPLIST_FILE = "BigriverBookstore-apple/Info.plist";
				LD_RUNPATH_SEARCH_PATHS = (
					"$(inherited)",
					"@executable_path/../Frameworks",
				);
				PRODUCT_BUNDLE_IDENTIFIER = "com.agilefreaks.BigriverBookstore-apple";
				PRODUCT_NAME = "$(TARGET_NAME)";
				SWIFT_VERSION = 4.2;
			};
			name = Debug;
		};
		27DE6422222D42E700200462 /* Release */ = {
			isa = XCBuildConfiguration;
			baseConfigurationReference = A837BE653D2B38302B6A5252 /* Pods-BigriverBookstore-apple.release.xcconfig */;
			buildSettings = {
				ASSETCATALOG_COMPILER_APPICON_NAME = AppIcon;
				CODE_SIGN_ENTITLEMENTS = "BigriverBookstore-apple/BigriverBookstore_apple.entitlements";
				CODE_SIGN_STYLE = Automatic;
				COMBINE_HIDPI_IMAGES = YES;
				INFOPLIST_FILE = "BigriverBookstore-apple/Info.plist";
				LD_RUNPATH_SEARCH_PATHS = (
					"$(inherited)",
					"@executable_path/../Frameworks",
				);
				PRODUCT_BUNDLE_IDENTIFIER = "com.agilefreaks.BigriverBookstore-apple";
				PRODUCT_NAME = "$(TARGET_NAME)";
				SWIFT_VERSION = 4.2;
			};
			name = Release;
		};
		27DE6424222D42E700200462 /* Debug */ = {
			isa = XCBuildConfiguration;
			baseConfigurationReference = 14281BB33C308A368327910C /* Pods-BigriverBookstore-appleTests.debug.xcconfig */;
			buildSettings = {
				ALWAYS_EMBED_SWIFT_STANDARD_LIBRARIES = YES;
				BUNDLE_LOADER = "$(TEST_HOST)";
				CODE_SIGN_STYLE = Automatic;
				COMBINE_HIDPI_IMAGES = YES;
				INFOPLIST_FILE = "BigriverBookstore-appleTests/Info.plist";
				LD_RUNPATH_SEARCH_PATHS = (
					"$(inherited)",
					"@executable_path/../Frameworks",
					"@loader_path/../Frameworks",
				);
				PRODUCT_BUNDLE_IDENTIFIER = "com.agilefreaks.BigriverBookstore-appleTests";
				PRODUCT_NAME = "$(TARGET_NAME)";
				SWIFT_VERSION = 4.2;
				TEST_HOST = "$(BUILT_PRODUCTS_DIR)/BigriverBookstore-apple.app/Contents/MacOS/BigriverBookstore-apple";
			};
			name = Debug;
		};
		27DE6425222D42E700200462 /* Release */ = {
			isa = XCBuildConfiguration;
			baseConfigurationReference = B59E94A841D89A5D59F6F1E7 /* Pods-BigriverBookstore-appleTests.release.xcconfig */;
			buildSettings = {
				ALWAYS_EMBED_SWIFT_STANDARD_LIBRARIES = YES;
				BUNDLE_LOADER = "$(TEST_HOST)";
				CODE_SIGN_STYLE = Automatic;
				COMBINE_HIDPI_IMAGES = YES;
				INFOPLIST_FILE = "BigriverBookstore-appleTests/Info.plist";
				LD_RUNPATH_SEARCH_PATHS = (
					"$(inherited)",
					"@executable_path/../Frameworks",
					"@loader_path/../Frameworks",
				);
				PRODUCT_BUNDLE_IDENTIFIER = "com.agilefreaks.BigriverBookstore-appleTests";
				PRODUCT_NAME = "$(TARGET_NAME)";
				SWIFT_VERSION = 4.2;
				TEST_HOST = "$(BUILT_PRODUCTS_DIR)/BigriverBookstore-apple.app/Contents/MacOS/BigriverBookstore-apple";
			};
			name = Release;
		};
/* End XCBuildConfiguration section */

/* Begin XCConfigurationList section */
		27DE6400222D42E600200462 /* Build configuration list for PBXProject "BigriverBookstore-apple" */ = {
			isa = XCConfigurationList;
			buildConfigurations = (
				27DE641E222D42E700200462 /* Debug */,
				27DE641F222D42E700200462 /* Release */,
			);
			defaultConfigurationIsVisible = 0;
			defaultConfigurationName = Release;
		};
		27DE6420222D42E700200462 /* Build configuration list for PBXNativeTarget "BigriverBookstore-apple" */ = {
			isa = XCConfigurationList;
			buildConfigurations = (
				27DE6421222D42E700200462 /* Debug */,
				27DE6422222D42E700200462 /* Release */,
			);
			defaultConfigurationIsVisible = 0;
			defaultConfigurationName = Release;
		};
		27DE6423222D42E700200462 /* Build configuration list for PBXNativeTarget "BigriverBookstore-appleTests" */ = {
			isa = XCConfigurationList;
			buildConfigurations = (
				27DE6424222D42E700200462 /* Debug */,
				27DE6425222D42E700200462 /* Release */,
			);
			defaultConfigurationIsVisible = 0;
			defaultConfigurationName = Release;
		};
/* End XCConfigurationList section */
	};
	rootObject = 27DE63FD222D42E600200462 /* Project object */;
}
